# @generated - this file is auto-generated by `mise lock` https://mise.jdx.dev/dev-tools/mise-lock.html

lockfile_version = 2

[[tools."aqua:go-task/task"]]
version = "3.50.0"
backend = "aqua:go-task/task"
specifiers = ["3.50.0"]

[tools."aqua:go-task/task"."platforms.linux-arm64"]
checksum = "sha256:ee67e7d999a4a70711bff1946c70bf76628012c91d9be55626ee90ba976897da"
url = "https://github.com/go-task/task/releases/download/v3.50.0/task_linux_arm64.tar.gz"
url_api = "https://api.github.com/repos/go-task/task/releases/assets/395680598"

[tools."aqua:go-task/task"."platforms.linux-arm64-musl"]
checksum = "sha256:ee67e7d999a4a70711bff1946c70bf76628012c91d9be55626ee90ba976897da"
url = "https://github.com/go-task/task/releases/download/v3.50.0/task_linux_arm64.tar.gz"
url_api = "https://api.github.com/repos/go-task/task/releases/assets/395680598"

[tools."aqua:go-task/task"."platforms.linux-x64"]
checksum = "sha256:d449ba85ab85a0769989d78f8b9872938e4ba9347f7f4f925f73d98272a0a655"
url = "https://github.com/go-task/task/releases/download/v3.50.0/task_linux_amd64.tar.gz"
url_api = "https://api.github.com/repos/go-task/task/releases/assets/395680585"

[tools."aqua:go-task/task"."platforms.linux-x64-musl"]
checksum = "sha256:d449ba85ab85a0769989d78f8b9872938e4ba9347f7f4f925f73d98272a0a655"
url = "https://github.com/go-task/task/releases/download/v3.50.0/task_linux_amd64.tar.gz"
url_api = "https://api.github.com/repos/go-task/task/releases/assets/395680585"

[tools."aqua:go-task/task"."platforms.macos-arm64"]
checksum = "sha256:838b7954f227b5e8f798ad83111195aed810cf4f98dfabef4aa77ea065dd74b0"
url = "https://github.com/go-task/task/releases/download/v3.50.0/task_darwin_arm64.tar.gz"
url_api = "https://api.github.com/repos/go-task/task/releases/assets/395680586"

[tools."aqua:go-task/task"."platforms.macos-x64"]
checksum = "sha256:da3ba003ec049fb8be1ff798132c951dcd08a60efbdc2d1e918bf2095cd4a39c"
url = "https://github.com/go-task/task/releases/download/v3.50.0/task_darwin_amd64.tar.gz"
url_api = "https://api.github.com/repos/go-task/task/releases/assets/395680563"

[tools."aqua:go-task/task"."platforms.windows-x64"]
checksum = "sha256:82c20fbd19ac62073b8ecf89e026fbd209f702a2922106e4ff2ed6934d193038"
url = "https://github.com/go-task/task/releases/download/v3.50.0/task_windows_amd64.zip"
url_api = "https://api.github.com/repos/go-task/task/releases/assets/395680600"

[[tools."aqua:google/go-jsonnet"]]
version = "0.22.0"
backend = "aqua:google/go-jsonnet"
specifiers = ["0.22.0"]

[tools."aqua:google/go-jsonnet"."platforms.linux-arm64"]
checksum = "sha256:3016b049254cb92548ba99304b6f44ec3795e6173f908e3ce3c5add57243fe20"
url = "https://github.com/google/go-jsonnet/releases/download/v0.22.0/go-jsonnet_0.22.0_linux_arm64.tar.gz"
url_api = "https://api.github.com/repos/google/go-jsonnet/releases/assets/380558845"

[tools."aqua:google/go-jsonnet"."platforms.linux-arm64-musl"]
checksum = "sha256:3016b049254cb92548ba99304b6f44ec3795e6173f908e3ce3c5add57243fe20"
url = "https://github.com/google/go-jsonnet/releases/download/v0.22.0/go-jsonnet_0.22.0_linux_arm64.tar.gz"
url_api = "https://api.github.com/repos/google/go-jsonnet/releases/assets/380558845"

[tools."aqua:google/go-jsonnet"."platforms.linux-x64"]
checksum = "sha256:e87a93ea44e34da92c15636205c7f2240bf3ac92d00ccb855dbb4e7e03ea6941"
url = "https://github.com/google/go-jsonnet/releases/download/v0.22.0/go-jsonnet_0.22.0_linux_amd64.tar.gz"
url_api = "https://api.github.com/repos/google/go-jsonnet/releases/assets/380558847"

[tools."aqua:google/go-jsonnet"."platforms.linux-x64-musl"]
checksum = "sha256:e87a93ea44e34da92c15636205c7f2240bf3ac92d00ccb855dbb4e7e03ea6941"
url = "https://github.com/google/go-jsonnet/releases/download/v0.22.0/go-jsonnet_0.22.0_linux_amd64.tar.gz"
url_api = "https://api.github.com/repos/google/go-jsonnet/releases/assets/380558847"

[tools."aqua:google/go-jsonnet"."platforms.macos-arm64"]
checksum = "sha256:112534191b6e27f2ae01bb80c6ab82950fb7bf5772e2e81c5472f59a069700f5"
url = "https://github.com/google/go-jsonnet/releases/download/v0.22.0/go-jsonnet_0.22.0_darwin_arm64.tar.gz"
url_api = "https://api.github.com/repos/google/go-jsonnet/releases/assets/380558841"

[tools."aqua:google/go-jsonnet"."platforms.macos-x64"]
checksum = "sha256:2ada40ece13e8b4e1f37c06315783110c84b496963b0b8b90809daf69df7dfc9"
url = "https://github.com/google/go-jsonnet/releases/download/v0.22.0/go-jsonnet_0.22.0_darwin_amd64.tar.gz"
url_api = "https://api.github.com/repos/google/go-jsonnet/releases/assets/380558829"

[tools."aqua:google/go-jsonnet"."platforms.windows-x64"]
checksum = "sha256:277b83ddbe836a627dcde0655720aa42b02277fdf3a9cdaebeef2a53e98599b1"
url = "https://github.com/google/go-jsonnet/releases/download/v0.22.0/go-jsonnet_0.22.0_windows_amd64.tar.gz"
url_api = "https://api.github.com/repos/google/go-jsonnet/releases/assets/380558839"

[[tools.node]]
version = "24.15.0"
backend = "core:node"
specifiers = ["24.15.0"]

[tools.node."platforms.linux-arm64"]
checksum = "sha256:73afc234d558c24919875f51c2d1ea002a2ada4ea6f83601a383869fefa64eed"
url = "https://nodejs.org/dist/v24.15.0/node-v24.15.0-linux-arm64.tar.gz"

[tools.node."platforms.linux-arm64-musl"]
checksum = "sha256:31e98aa960a067da91edffd5d93bc46657b5d2a8029612c359f5f2ac0060152a"
url = "https://unofficial-builds.nodejs.org/download/release/v24.15.0/node-v24.15.0-linux-arm64-musl.tar.gz"

[tools.node."platforms.linux-x64"]
checksum = "sha256:44836872d9aec49f1e6b52a9a922872db9a2b02d235a616a5681b6a85fec8d89"
url = "https://nodejs.org/dist/v24.15.0/node-v24.15.0-linux-x64.tar.gz"

[tools.node."platforms.linux-x64-musl"]
checksum = "sha256:f55af5bd489c5347b113ca6594cae00a54b30ba57ac5875324311bfc6f4762e3"
url = "https://unofficial-builds.nodejs.org/download/release/v24.15.0/node-v24.15.0-linux-x64-musl.tar.gz"

[tools.node."platforms.macos-arm64"]
checksum = "sha256:372331b969779ab5d15b949884fc6eaf88d5afe87bde8ba881d6400b9100ffc4"
url = "https://nodejs.org/dist/v24.15.0/node-v24.15.0-darwin-arm64.tar.gz"

[tools.node."platforms.macos-x64"]
checksum = "sha256:ffd5ee293467927f3ee731a553eb88fd1f48cf74eebc2d74a6babe4af228673b"
url = "https://nodejs.org/dist/v24.15.0/node-v24.15.0-darwin-x64.tar.gz"

[tools.node."platforms.windows-x64"]
checksum = "sha256:cc5149eabd53779ce1e7bdc5401643622d0c7e6800ade18928a767e940bb0e62"
url = "https://nodejs.org/dist/v24.15.0/node-v24.15.0-win-x64.zip"

[[tools.pnpm]]
version = "12.4.2"
backend = "aqua:pnpm/pnpm"
specifiers = ["12.4.2"]

[tools.pnpm."platforms.linux-arm64"]
checksum = "sha256:dc4a29d9848ef005bec3d36d49aae84b115ec3b18c110a3a7f33c37f7fd520bf"
url = "https://github.com/pnpm/pnpm/releases/download/v12.4.2/pnpm-linux-arm64.tar.gz"
url_api = "https://api.github.com/repos/pnpm/pnpm/releases/assets/565468071"
provenance = "github-attestations"

[tools.pnpm."platforms.linux-arm64-musl"]
checksum = "sha256:bf7597812c814030e759c20691dab88a1b271f495576fdbc4dae568458367105"
url = "https://github.com/pnpm/pnpm/releases/download/v12.4.2/pnpm-linux-arm64-musl.tar.gz"
url_api = "https://api.github.com/repos/pnpm/pnpm/releases/assets/565468074"
provenance = "github-attestations"

[tools.pnpm."platforms.linux-x64"]
checksum = "sha256:ce1ed690fe9c2f091d7267e1afbe9380abb08bb577e95348fda194a41147d2ec"
url = "https://github.com/pnpm/pnpm/releases/download/v12.4.2/pnpm-linux-x64.tar.gz"
url_api = "https://api.github.com/repos/pnpm/pnpm/releases/assets/565468079"
provenance = "github-attestations"

[tools.pnpm."platforms.linux-x64-musl"]
checksum = "sha256:5ac22f6d1da756482490a10b3be1b929a62fa1022a5b034b37856fab609cbd6c"
url = "https://github.com/pnpm/pnpm/releases/download/v12.4.2/pnpm-linux-x64-musl.tar.gz"
url_api = "https://api.github.com/repos/pnpm/pnpm/releases/assets/565468072"
provenance = "github-attestations"

[tools.pnpm."platforms.macos-arm64"]
checksum = "sha256:5aae95a95f0a98f9372dee7d1797386011fa6571b06b82554c7c7847d201308e"
url = "https://github.com/pnpm/pnpm/releases/download/v12.4.2/pnpm-darwin-arm64.tar.gz"
url_api = "https://api.github.com/repos/pnpm/pnpm/releases/assets/565468070"
provenance = "github-attestations"

[tools.pnpm."platforms.macos-x64"]
checksum = "sha256:5fa3d19ad1a637d414bc3588730666f947642ada307bf52eee3997192f115d75"
url = "https://github.com/pnpm/pnpm/releases/download/v12.4.2/pnpm-darwin-x64.tar.gz"
url_api = "https://api.github.com/repos/pnpm/pnpm/releases/assets/565468080"
provenance = "github-attestations"

[tools.pnpm."platforms.windows-x64"]
checksum = "sha256:da35e3f401674646968243b0aa1984e910d94de735e04936db22e7554791518d"
url = "https://github.com/pnpm/pnpm/releases/download/v12.4.2/pnpm-win32-x64.zip"
url_api = "https://api.github.com/repos/pnpm/pnpm/releases/assets/565468081"
provenance = "github-attestations"
